// !$*UTF8*$!
{
	archiveVersion = 1;
	classes = {
	};
	objectVersion = 51;
	objects = {

/* Begin PBXBuildFile section */
		5FAC172F15E2BE1838F0F968 /* Pods_PulseAnimataion.framework in Frameworks */ = {isa = PBXBuildFile; fileRef = 4F35F3579F3568D8AAB9BA35 /* Pods_PulseAnimataion.framework */; };
		AA21CDEC236DB2F800E2CDE4 /* Halo.json in Resources */ = {isa = PBXBuildFile; fileRef = AA21CDEA236DB2F700E2CDE4 /* Halo.json */; };
		AA21CDED236DB2F800E2CDE4 /* circle.json in Resources */ = {isa = PBXBuildFile; fileRef = AA21CDEB236DB2F700E2CDE4 /* circle.json */; };
		AA87ED8F236D94B500AEF300 /* AppDelegate.swift in Sources */ = {isa = PBXBuildFile; fileRef = AA87ED8E236D94B500AEF300 /* AppDelegate.swift */; };
		AA87ED91236D94B500AEF300 /* SceneDelegate.swift in Sources */ = {isa = PBXBuildFile; fileRef = AA87ED90236D94B500AEF300 /* SceneDelegate.swift */; };
		AA87ED93236D94B500AEF300 /* ViewController.swift in Sources */ = {isa = PBXBuildFile; fileRef = AA87ED92236D94B500AEF300 /* ViewController.swift */; };
		AA87ED96236D94B500AEF300 /* Main.storyboard in Resources */ = {isa = PBXBuildFile; fileRef = AA87ED94236D94B500AEF300 /* Main.storyboard */; };
		AA87ED98236D94B700AEF300 /* Assets.xcassets in Resources */ = {isa = PBXBuildFile; fileRef = AA87ED97236D94B700AEF300 /* Assets.xcassets */; };
		AA87ED9B236D94B700AEF300 /* LaunchScreen.storyboard in Resources */ = {isa = PBXBuildFile; fileRef = AA87ED99236D94B700AEF300 /* LaunchScreen.storyboard */; };
		AA87EDA5236D98A500AEF300 /* LottieAnimationView.swift in Sources */ = {isa = PBXBuildFile; fileRef = AA87EDA4236D98A500AEF300 /* LottieAnimationView.swift */; };
		AAD273B323715D53001072B0 /* StartButton.swift in Sources */ = {isa = PBXBuildFile; fileRef = AAD273B223715D53001072B0 /* StartButton.swift */; };
		AAD273B5237169FD001072B0 /* countDown.json in Resources */ = {isa = PBXBuildFile; fileRef = AAD273B4237169FD001072B0 /* countDown.json */; };
		AAD273B723716D83001072B0 /* number.json in Resources */ = {isa = PBXBuildFile; fileRef = AAD273B623716D83001072B0 /* number.json */; };
		AAD273B923716DE0001072B0 /* number1.json in Resources */ = {isa = PBXBuildFile; fileRef = AAD273B823716DE0001072B0 /* number1.json */; };
		AAD273BB23716FAD001072B0 /* document.json in Resources */ = {isa = PBXBuildFile; fileRef = AAD273BA23716FAD001072B0 /* document.json */; };
/* End PBXBuildFile section */

/* Begin PBXFileReference section */
		47FC3D97524ECD6A491BF48E /* Pods-PulseAnimataion.release.xcconfig */ = {isa = PBXFileReference; includeInIndex = 1; lastKnownFileType = text.xcconfig; name = "Pods-PulseAnimataion.release.xcconfig"; path = "Target Support Files/Pods-PulseAnimataion/Pods-PulseAnimataion.release.xcconfig"; sourceTree = "<group>"; };
		4F35F3579F3568D8AAB9BA35 /* Pods_PulseAnimataion.framework */ = {isa = PBXFileReference; explicitFileType = wrapper.framework; includeInIndex = 0; path = Pods_PulseAnimataion.framework; sourceTree = BUILT_PRODUCTS_DIR; };
		AA21CDEA236DB2F700E2CDE4 /* Halo.json */ = {isa = PBXFileReference; fileEncoding = 4; lastKnownFileType = text.json; path = Halo.json; sourceTree = "<group>"; };
		AA21CDEB236DB2F700E2CDE4 /* circle.json */ = {isa = PBXFileReference; fileEncoding = 4; lastKnownFileType = text.json; path = circle.json; sourceTree = "<group>"; };
		AA87ED8B236D94B500AEF300 /* PulseAnimataion.app */ = {isa = PBXFileReference; explicitFileType = wrapper.application; includeInIndex = 0; path = PulseAnimataion.app; sourceTree = BUILT_PRODUCTS_DIR; };
		AA87ED8E236D94B500AEF300 /* AppDelegate.swift */ = {isa = PBXFileReference; lastKnownFileType = sourcecode.swift; path = AppDelegate.swift; sourceTree = "<group>"; };
		AA87ED90236D94B500AEF300 /* SceneDelegate.swift */ = {isa = PBXFileReference; lastKnownFileType = sourcecode.swift; path = SceneDelegate.swift; sourceTree = "<group>"; };
		AA87ED92236D94B500AEF300 /* ViewController.swift */ = {isa = PBXFileReference; lastKnownFileType = sourcecode.swift; path = ViewController.swift; sourceTree = "<group>"; };
		AA87ED95236D94B500AEF300 /* Base */ = {isa = PBXFileReference; lastKnownFileType = file.storyboard; name = Base; path = Base.lproj/Main.storyboard; sourceTree = "<group>"; };
		AA87ED97236D94B700AEF300 /* Assets.xcassets */ = {isa = PBXFileReference; lastKnownFileType = folder.assetcatalog; path = Assets.xcassets; sourceTree = "<group>"; };
		AA87ED9A236D94B700AEF300 /* Base */ = {isa = PBXFileReference; lastKnownFileType = file.storyboard; name = Base; path = Base.lproj/LaunchScreen.storyboard; sourceTree = "<group>"; };
		AA87ED9C236D94B700AEF300 /* Info.plist */ = {isa = PBXFileReference; lastKnownFileType = text.plist.xml; path = Info.plist; sourceTree = "<group>"; };
		AA87EDA4236D98A500AEF300 /* LottieAnimationView.swift */ = {isa = PBXFileReference; lastKnownFileType = sourcecode.swift; path = LottieAnimationView.swift; sourceTree = "<group>"; };
		AAD273B223715D53001072B0 /* StartButton.swift */ = {isa = PBXFileReference; lastKnownFileType = sourcecode.swift; path = StartButton.swift; sourceTree = "<group>"; };
		AAD273B4237169FD001072B0 /* countDown.json */ = {isa = PBXFileReference; fileEncoding = 4; lastKnownFileType = text.json; path = countDown.json; sourceTree = "<group>"; };
		AAD273B623716D83001072B0 /* number.json */ = {isa = PBXFileReference; fileEncoding = 4; lastKnownFileType = text.json; path = number.json; sourceTree = "<group>"; };
		AAD273B823716DE0001072B0 /* number1.json */ = {isa = PBXFileReference; fileEncoding = 4; lastKnownFileType = text.json; path = number1.json; sourceTree = "<group>"; };
		AAD273BA23716FAD001072B0 /* document.json */ = {isa = PBXFileReference; fileEncoding = 4; lastKnownFileType = text.json; path = document.json; sourceTree = "<group>"; };
		DB595F0A9043A9E2F7F28354 /* Pods-PulseAnimataion.debug.xcconfig */ = {isa = PBXFileReference; includeInIndex = 1; lastKnownFileType = text.xcconfig; name = "Pods-PulseAnimataion.debug.xcconfig"; path = "Target Support Files/Pods-PulseAnimataion/Pods-PulseAnimataion.debug.xcconfig"; sourceTree = "<group>"; };
/* End PBXFileReference section */

/* Begin PBXFrameworksBuildPhase section */
		AA87ED88236D94B500AEF300 /* Frameworks */ = {
			isa = PBXFrameworksBuildPhase;
			buildActionMask = 2147483647;
			files = (
				5FAC172F15E2BE1838F0F968 /* Pods_PulseAnimataion.framework in Frameworks */,
			);
			runOnlyForDeploymentPostprocessing = 0;
		};
/* End PBXFrameworksBuildPhase section */

/* Begin PBXGroup section */
		227D5B97034AC1291E4A02A2 /* Frameworks */ = {
			isa = PBXGroup;
			children = (
				4F35F3579F3568D8AAB9BA35 /* Pods_PulseAnimataion.framework */,
			);
			name = Frameworks;
			sourceTree = "<group>";
		};
		AA87ED82236D94B500AEF300 = {
			isa = PBXGroup;
			children = (
				AA87ED8D236D94B500AEF300 /* PulseAnimataion */,
				AA87ED8C236D94B500AEF300 /* Products */,
				F5DE2B87B3353F747E235430 /* Pods */,
				227D5B97034AC1291E4A02A2 /* Frameworks */,
			);
			sourceTree = "<group>";
		};
		AA87ED8C236D94B500AEF300 /* Products */ = {
			isa = PBXGroup;
			children = (
				AA87ED8B236D94B500AEF300 /* PulseAnimataion.app */,
			);
			name = Products;
			sourceTree = "<group>";
		};
		AA87ED8D236D94B500AEF300 /* PulseAnimataion */ = {
			isa = PBXGroup;
			children = (
				AA87ED8E236D94B500AEF300 /* AppDelegate.swift */,
				AA87ED90236D94B500AEF300 /* SceneDelegate.swift */,
				AA87ED92236D94B500AEF300 /* ViewController.swift */,
				AA87EDA4236D98A500AEF300 /* LottieAnimationView.swift */,
				AAD273B223715D53001072B0 /* StartButton.swift */,
				AAD273BA23716FAD001072B0 /* document.json */,
				AA87ED94236D94B500AEF300 /* Main.storyboard */,
				AAD273B4237169FD001072B0 /* countDown.json */,
				AA21CDEB236DB2F700E2CDE4 /* circle.json */,
				AA21CDEA236DB2F700E2CDE4 /* Halo.json */,
				AAD273B823716DE0001072B0 /* number1.json */,
				AA87ED97236D94B700AEF300 /* Assets.xcassets */,
				AAD273B623716D83001072B0 /* number.json */,
				AA87ED99236D94B700AEF300 /* LaunchScreen.storyboard */,
				AA87ED9C236D94B700AEF300 /* Info.plist */,
			);
			path = PulseAnimataion;
			sourceTree = "<group>";
		};
		F5DE2B87B3353F747E235430 /* Pods */ = {
			isa = PBXGroup;
			children = (
				DB595F0A9043A9E2F7F28354 /* Pods-PulseAnimataion.debug.xcconfig */,
				47FC3D97524ECD6A491BF48E /* Pods-PulseAnimataion.release.xcconfig */,
			);
			path = Pods;
			sourceTree = "<group>";
		};
/* End PBXGroup section */

/* Begin PBXNativeTarget section */
		AA87ED8A236D94B500AEF300 /* PulseAnimataion */ = {
			isa = PBXNativeTarget;
			buildConfigurationList = AA87ED9F236D94B700AEF300 /* Build configuration list for PBXNativeTarget "PulseAnimataion" */;
			buildPhases = (
				B46F4779F1C9E651720E44EE /* [CP] Check Pods Manifest.lock */,
				AA87ED87236D94B500AEF300 /* Sources */,
				AA87ED88236D94B500AEF300 /* Frameworks */,
				AA87ED89236D94B500AEF300 /* Resources */,
				0BF6791EE892DDBAAF5948CE /* [CP] Embed Pods Frameworks */,
			);
			buildRules = (
			);
			dependencies = (
			);
			name = PulseAnimataion;
			productName = PulseAnimataion;
			productReference = AA87ED8B236D94B500AEF300 /* PulseAnimataion.app */;
			productType = "com.apple.product-type.application";
		};
/* End PBXNativeTarget section */

/* Begin PBXProject section */
		AA87ED83236D94B500AEF300 /* Project object */ = {
			isa = PBXProject;
			attributes = {
				LastSwiftUpdateCheck = 1100;
				LastUpgradeCheck = 1100;
				ORGANIZATIONNAME = sadegh;
				TargetAttributes = {
					AA87ED8A236D94B500AEF300 = {
						CreatedOnToolsVersion = 11.0;
					};
				};
			};
			buildConfigurationList = AA87ED86236D94B500AEF300 /* Build configuration list for PBXProject "PulseAnimataion" */;
			compatibilityVersion = "Xcode 9.3";
			developmentRegion = en;
			hasScannedForEncodings = 0;
			knownRegions = (
				en,
				Base,
			);
			mainGroup = AA87ED82236D94B500AEF300;
			productRefGroup = AA87ED8C236D94B500AEF300 /* Products */;
			projectDirPath = "";
			projectRoot = "";
			targets = (
				AA87ED8A236D94B500AEF300 /* PulseAnimataion */,
			);
		};
/* End PBXProject section */

/* Begin PBXResourcesBuildPhase section */
		AA87ED89236D94B500AEF300 /* Resources */ = {
			isa = PBXResourcesBuildPhase;
			buildActionMask = 2147483647;
			files = (
				AAD273B5237169FD001072B0 /* countDown.json in Resources */,
				AAD273B923716DE0001072B0 /* number1.json in Resources */,
				AA87ED9B236D94B700AEF300 /* LaunchScreen.storyboard in Resources */,
				AA21CDEC236DB2F800E2CDE4 /* Halo.json in Resources */,
				AA21CDED236DB2F800E2CDE4 /* circle.json in Resources */,
				AAD273BB23716FAD001072B0 /* document.json in Resources */,
				AAD273B723716D83001072B0 /* number.json in Resources */,
				AA87ED98236D94B700AEF300 /* Assets.xcassets in Resources */,
				AA87ED96236D94B500AEF300 /* Main.storyboard in Resources */,
			);
			runOnlyForDeploymentPostprocessing = 0;
		};
/* End PBXResourcesBuildPhase section */

/* Begin PBXShellScriptBuildPhase section */
		0BF6791EE892DDBAAF5948CE /* [CP] Embed Pods Frameworks */ = {
			isa = PBXShellScriptBuildPhase;
			buildActionMask = 2147483647;
			files = (
			);
			inputFileListPaths = (
				"${PODS_ROOT}/Target Support Files/Pods-PulseAnimataion/Pods-PulseAnimataion-frameworks-${CONFIGURATION}-input-files.xcfilelist",
			);
			name = "[CP] Embed Pods Frameworks";
			outputFileListPaths = (
				"${PODS_ROOT}/Target Support Files/Pods-PulseAnimataion/Pods-PulseAnimataion-frameworks-${CONFIGURATION}-output-files.xcfilelist",
			);
			runOnlyForDeploymentPostprocessing = 0;
			shellPath = /bin/sh;
			shellScript = "\"${PODS_ROOT}/Target Support Files/Pods-PulseAnimataion/Pods-PulseAnimataion-frameworks.sh\"\n";
			showEnvVarsInLog = 0;
		};
		B46F4779F1C9E651720E44EE /* [CP] Check Pods Manifest.lock */ = {
			isa = PBXShellScriptBuildPhase;
			buildActionMask = 2147483647;
			files = (
			);
			inputFileListPaths = (
			);
			inputPaths = (
				"${PODS_PODFILE_DIR_PATH}/Podfile.lock",
				"${PODS_ROOT}/Manifest.lock",
			);
			name = "[CP] Check Pods Manifest.lock";
			outputFileListPaths = (
			);
			outputPaths = (
				"$(DERIVED_FILE_DIR)/Pods-PulseAnimataion-checkManifestLockResult.txt",
			);
			runOnlyForDeploymentPostprocessing = 0;
			shellPath = /bin/sh;
			shellScript = "diff \"${PODS_PODFILE_DIR_PATH}/Podfile.lock\" \"${PODS_ROOT}/Manifest.lock\" > /dev/null\nif [ $? != 0 ] ; then\n    # print error to STDERR\n    echo \"error: The sandbox is not in sync with the Podfile.lock. Run 'pod install' or update your CocoaPods installation.\" >&2\n    exit 1\nfi\n# This output is used by Xcode 'outputs' to avoid re-running this script phase.\necho \"SUCCESS\" > \"${SCRIPT_OUTPUT_FILE_0}\"\n";
			showEnvVarsInLog = 0;
		};
/* End PBXShellScriptBuildPhase section */

/* Begin PBXSourcesBuildPhase section */
		AA87ED87236D94B500AEF300 /* Sources */ = {
			isa = PBXSourcesBuildPhase;
			buildActionMask = 2147483647;
			files = (
				AA87EDA5236D98A500AEF300 /* LottieAnimationView.swift in Sources */,
				AA87ED93236D94B500AEF300 /* ViewController.swift in Sources */,
				AAD273B323715D53001072B0 /* StartButton.swift in Sources */,
				AA87ED8F236D94B500AEF300 /* AppDelegate.swift in Sources */,
				AA87ED91236D94B500AEF300 /* SceneDelegate.swift in Sources */,
			);
			runOnlyForDeploymentPostprocessing = 0;
		};
/* End PBXSourcesBuildPhase section */

/* Begin PBXVariantGroup section */
		AA87ED94236D94B500AEF300 /* Main.storyboard */ = {
			isa = PBXVariantGroup;
			children = (
				AA87ED95236D94B500AEF300 /* Base */,
			);
			name = Main.storyboard;
			sourceTree = "<group>";
		};
		AA87ED99236D94B700AEF300 /* LaunchScreen.storyboard */ = {
			isa = PBXVariantGroup;
			children = (
				AA87ED9A236D94B700AEF300 /* Base */,
			);
			name = LaunchScreen.storyboard;
			sourceTree = "<group>";
		};
/* End PBXVariantGroup section */

/* Begin XCBuildConfiguration section */
		AA87ED9D236D94B700AEF300 /* Debug */ = {
			isa = XCBuildConfiguration;
			buildSettings = {
				ALWAYS_SEARCH_USER_PATHS = NO;
				CLANG_ANALYZER_NONNULL = YES;
				CLANG_ANALYZER_NUMBER_OBJECT_CONVERSION = YES_AGGRESSIVE;
				CLANG_CXX_LANGUAGE_STANDARD = "gnu++14";
				CLANG_CXX_LIBRARY = "libc++";
				CLANG_ENABLE_MODULES = YES;
				CLANG_ENABLE_OBJC_ARC = YES;
				CLANG_ENABLE_OBJC_WEAK = YES;
				CLANG_WARN_BLOCK_CAPTURE_AUTORELEASING = YES;
				CLANG_WARN_BOOL_CONVERSION = YES;
				CLANG_WARN_COMMA = YES;
				CLANG_WARN_CONSTANT_CONVERSION = YES;
				CLANG_WARN_DEPRECATED_OBJC_IMPLEMENTATIONS = YES;
				CLANG_WARN_DIRECT_OBJC_ISA_USAGE = YES_ERROR;
				CLANG_WARN_DOCUMENTATION_COMMENTS = YES;
				CLANG_WARN_EMPTY_BODY = YES;
				CLANG_WARN_ENUM_CONVERSION = YES;
				CLANG_WARN_INFINITE_RECURSION = YES;
				CLANG_WARN_INT_CONVERSION = YES;
				CLANG_WARN_NON_LITERAL_NULL_CONVERSION = YES;
				CLANG_WARN_OBJC_IMPLICIT_RETAIN_SELF = YES;
				CLANG_WARN_OBJC_LITERAL_CONVERSION = YES;
				CLANG_WARN_OBJC_ROOT_CLASS = YES_ERROR;
				CLANG_WARN_RANGE_LOOP_ANALYSIS = YES;
				CLANG_WARN_STRICT_PROTOTYPES = YES;
				CLANG_WARN_SUSPICIOUS_MOVE = YES;
				CLANG_WARN_UNGUARDED_AVAILABILITY = YES_AGGRESSIVE;
				CLANG_WARN_UNREACHABLE_CODE = YES;
				CLANG_WARN__DUPLICATE_METHOD_MATCH = YES;
				COPY_PHASE_STRIP = NO;
				DEBUG_INFORMATION_FORMAT = dwarf;
				ENABLE_STRICT_OBJC_MSGSEND = YES;
				ENABLE_TESTABILITY = YES;
				GCC_C_LANGUAGE_STANDARD = gnu11;
				GCC_DYNAMIC_NO_PIC = NO;
				GCC_NO_COMMON_BLOCKS = YES;
				GCC_OPTIMIZATION_LEVEL = 0;
				GCC_PREPROCESSOR_DEFINITIONS = (
					"DEBUG=1",
					"$(inherited)",
				);
				GCC_WARN_64_TO_32_BIT_CONVERSION = YES;
				GCC_WARN_ABOUT_RETURN_TYPE = YES_ERROR;
				GCC_WARN_UNDECLARED_SELECTOR = YES;
				GCC_WARN_UNINITIALIZED_AUTOS = YES_AGGRESSIVE;
				GCC_WARN_UNUSED_FUNCTION = YES;
				GCC_WARN_UNUSED_VARIABLE = YES;
				IPHONEOS_DEPLOYMENT_TARGET = 13.0;
				MTL_ENABLE_DEBUG_INFO = INCLUDE_SOURCE;
				MTL_FAST_MATH = YES;
				ONLY_ACTIVE_ARCH = YES;
				SDKROOT = iphoneos;
				SWIFT_ACTIVE_COMPILATION_CONDITIONS = DEBUG;
				SWIFT_OPTIMIZATION_LEVEL = "-Onone";
			};
			name = Debug;
		};
		AA87ED9E236D94B700AEF300 /* Release */ = {
			isa = XCBuildConfiguration;
			buildSettings = {
				ALWAYS_SEARCH_USER_PATHS = NO;
				CLANG_ANALYZER_NONNULL = YES;
				CLANG_ANALYZER_NUMBER_OBJECT_CONVERSION = YES_AGGRESSIVE;
				CLANG_CXX_LANGUAGE_STANDARD = "gnu++14";
				CLANG_CXX_LIBRARY = "libc++";
				CLANG_ENABLE_MODULES = YES;
				CLANG_ENABLE_OBJC_ARC = YES;
				CLANG_ENABLE_OBJC_WEAK = YES;
				CLANG_WARN_BLOCK_CAPTURE_AUTORELEASING = YES;
				CLANG_WARN_BOOL_CONVERSION = YES;
				CLANG_WARN_COMMA = YES;
				CLANG_WARN_CONSTANT_CONVERSION = YES;
				CLANG_WARN_DEPRECATED_OBJC_IMPLEMENTATIONS = YES;
				CLANG_WARN_DIRECT_OBJC_ISA_USAGE = YES_ERROR;
				CLANG_WARN_DOCUMENTATION_COMMENTS = YES;
				CLANG_WARN_EMPTY_BODY = YES;
				CLANG_WARN_ENUM_CONVERSION = YES;
				CLANG_WARN_INFINITE_RECURSION = YES;
				CLANG_WARN_INT_CONVERSION = YES;
				CLANG_WARN_NON_LITERAL_NULL_CONVERSION = YES;
				CLANG_WARN_OBJC_IMPLICIT_RETAIN_SELF = YES;
				CLANG_WARN_OBJC_LITERAL_CONVERSION = YES;
				CLANG_WARN_OBJC_ROOT_CLASS = YES_ERROR;
				CLANG_WARN_RANGE_LOOP_ANALYSIS = YES;
				CLANG_WARN_STRICT_PROTOTYPES = YES;
				CLANG_WARN_SUSPICIOUS_MOVE = YES;
				CLANG_WARN_UNGUARDED_AVAILABILITY = YES_AGGRESSIVE;
				CLANG_WARN_UNREACHABLE_CODE = YES;
				CLANG_WARN__DUPLICATE_METHOD_MATCH = YES;
				COPY_PHASE_STRIP = NO;
				DEBUG_INFORMATION_FORMAT = "dwarf-with-dsym";
				ENABLE_NS_ASSERTIONS = NO;
				ENABLE_STRICT_OBJC_MSGSEND = YES;
				GCC_C_LANGUAGE_STANDARD = gnu11;
				GCC_NO_COMMON_BLOCKS = YES;
				GCC_WARN_64_TO_32_BIT_CONVERSION = YES;
				GCC_WARN_ABOUT_RETURN_TYPE = YES_ERROR;
				GCC_WARN_UNDECLARED_SELECTOR = YES;
				GCC_WARN_UNINITIALIZED_AUTOS = YES_AGGRESSIVE;
				GCC_WARN_UNUSED_FUNCTION = YES;
				GCC_WARN_UNUSED_VARIABLE = YES;
				IPHONEOS_DEPLOYMENT_TARGET = 13.0;
				MTL_ENABLE_DEBUG_INFO = NO;
				MTL_FAST_MATH = YES;
				SDKROOT = iphoneos;
				SWIFT_COMPILATION_MODE = wholemodule;
				SWIFT_OPTIMIZATION_LEVEL = "-O";
				VALIDATE_PRODUCT = YES;
			};
			name = Release;
		};
		AA87EDA0236D94B700AEF300 /* Debug */ = {
			isa = XCBuildConfiguration;
			baseConfigurationReference = DB595F0A9043A9E2F7F28354 /* Pods-PulseAnimataion.debug.xcconfig */;
			buildSettings = {
				ASSETCATALOG_COMPILER_APPICON_NAME = AppIcon;
				CODE_SIGN_STYLE = Automatic;
				INFOPLIST_FILE = PulseAnimataion/Info.plist;
				LD_RUNPATH_SEARCH_PATHS = (
					"$(inherited)",
					"@executable_path/Frameworks",
				);
				PRODUCT_BUNDLE_IDENTIFIER = com.rayanapple.PulseAnimataion;
				PRODUCT_NAME = "$(TARGET_NAME)";
				SWIFT_VERSION = 5.0;
				TARGETED_DEVICE_FAMILY = "1,2";
			};
			name = Debug;
		};
		AA87EDA1236D94B700AEF300 /* Release */ = {
			isa = XCBuildConfiguration;
			baseConfigurationReference = 47FC3D97524ECD6A491BF48E /* Pods-PulseAnimataion.release.xcconfig */;
			buildSettings = {
				ASSETCATALOG_COMPILER_APPICON_NAME = AppIcon;
				CODE_SIGN_STYLE = Automatic;
				INFOPLIST_FILE = PulseAnimataion/Info.plist;
				LD_RUNPATH_SEARCH_PATHS = (
					"$(inherited)",
					"@executable_path/Frameworks",
				);
				PRODUCT_BUNDLE_IDENTIFIER = com.rayanapple.PulseAnimataion;
				PRODUCT_NAME = "$(TARGET_NAME)";
				SWIFT_VERSION = 5.0;
				TARGETED_DEVICE_FAMILY = "1,2";
			};
			name = Release;
		};
/* End XCBuildConfiguration section */

/* Begin XCConfigurationList section */
		AA87ED86236D94B500AEF300 /* Build configuration list for PBXProject "PulseAnimataion" */ = {
			isa = XCConfigurationList;
			buildConfigurations = (
				AA87ED9D236D94B700AEF300 /* Debug */,
				AA87ED9E236D94B700AEF300 /* Release */,
			);
			defaultConfigurationIsVisible = 0;
			defaultConfigurationName = Release;
		};
		AA87ED9F236D94B700AEF300 /* Build configuration list for PBXNativeTarget "PulseAnimataion" */ = {
			isa = XCConfigurationList;
			buildConfigurations = (
				AA87EDA0236D94B700AEF300 /* Debug */,
				AA87EDA1236D94B700AEF300 /* Release */,
			);
			defaultConfigurationIsVisible = 0;
			defaultConfigurationName = Release;
		};
/* End XCConfigurationList section */
	};
	rootObject = AA87ED83236D94B500AEF300 /* Project object */;
}
